
Microsoft Visual Studio Solution File, Format Version 12.00
# Visual Studio Version 17
VisualStudioVersion = 17.11.35303.130
MinimumVisualStudioVersion = 10.0.40219.1
Project("{FAE04EC0-301F-11D3-BF4B-00C04F79EFBC}") = "VideoStreamingAPI", "VideoStreamingAPI\VideoStreamingAPI.csproj", "{4BA380ED-12BE-4347-8AD8-BF4726AB4EB7}"
EndProject
Global
	GlobalSection(SolutionConfigurationPlatforms) = preSolution
		Debug|Any CPU = Debug|Any CPU
		Release|Any CPU = Release|Any CPU
	EndGlobalSection
	GlobalSection(ProjectConfigurationPlatforms) = postSolution
		{4BA380ED-12BE-4347-8AD8-BF4726AB4EB7}.Debug|Any CPU.ActiveCfg = Debug|Any CPU
		{4BA380ED-12BE-4347-8AD8-BF4726AB4EB7}.Debug|Any CPU.Build.0 = Debug|Any CPU
		{4BA380ED-12BE-4347-8AD8-BF4726AB4EB7}.Release|Any CPU.ActiveCfg = Release|Any CPU
		{4BA380ED-12BE-4347-8AD8-BF4726AB4EB7}.Release|Any CPU.Build.0 = Release|Any CPU
	EndGlobalSection
	GlobalSection(SolutionProperties) = preSolution
		HideSolutionNode = FALSE
	EndGlobalSection
	GlobalSection(ExtensibilityGlobals) = postSolution
		SolutionGuid = {B1B97631-2BD4-48BA-8696-60FD619CC98E}
	EndGlobalSection
EndGlobal
